// !$*UTF8*$!
{
	archiveVersion = 1;
	classes = {
	};
	objectVersion = 50;
	objects = {

/* Begin PBXBuildFile section */
		A660B37125F9CBB8005FF95A /* AppDelegate.swift in Sources */ = {isa = PBXBuildFile; fileRef = A660B37025F9CBB8005FF95A /* AppDelegate.swift */; };
		A660B37325F9CBB8005FF95A /* SceneDelegate.swift in Sources */ = {isa = PBXBuildFile; fileRef = A660B37225F9CBB8005FF95A /* SceneDelegate.swift */; };
		A660B37825F9CBB8005FF95A /* Main.storyboard in Resources */ = {isa = PBXBuildFile; fileRef = A660B37625F9CBB8005FF95A /* Main.storyboard */; };
		A660B37A25F9CBBB005FF95A /* Assets.xcassets in Resources */ = {isa = PBXBuildFile; fileRef = A660B37925F9CBBB005FF95A /* Assets.xcassets */; };
		A660B37D25F9CBBB005FF95A /* LaunchScreen.storyboard in Resources */ = {isa = PBXBuildFile; fileRef = A660B37B25F9CBBB005FF95A /* LaunchScreen.storyboard */; };
		A660B38825F9CBBB005FF95A /* ApacheLog_iOSTests.swift in Sources */ = {isa = PBXBuildFile; fileRef = A660B38725F9CBBB005FF95A /* ApacheLog_iOSTests.swift */; };
		A660B39325F9CBBB005FF95A /* ApacheLog_iOSUITests.swift in Sources */ = {isa = PBXBuildFile; fileRef = A660B39225F9CBBB005FF95A /* ApacheLog_iOSUITests.swift */; };
		A660B3B625F9D9C9005FF95A /* LogInfo.swift in Sources */ = {isa = PBXBuildFile; fileRef = A660B3B525F9D9C9005FF95A /* LogInfo.swift */; };
		A660B3BB25F9DBE8005FF95A /* LogSequence.swift in Sources */ = {isa = PBXBuildFile; fileRef = A660B3BA25F9DBE8005FF95A /* LogSequence.swift */; };
		A660B3C425F9E421005FF95A /* HomeViewController.swift in Sources */ = {isa = PBXBuildFile; fileRef = A660B3C325F9E421005FF95A /* HomeViewController.swift */; };
		A660B3CC25F9E42F005FF95A /* HomeViewModel.swift in Sources */ = {isa = PBXBuildFile; fileRef = A660B3CB25F9E42F005FF95A /* HomeViewModel.swift */; };
		A660B3D125F9E44A005FF95A /* LogSequencesDataSource.swift in Sources */ = {isa = PBXBuildFile; fileRef = A660B3D025F9E44A005FF95A /* LogSequencesDataSource.swift */; };
		A660B3D725F9E510005FF95A /* ListLogSequenceProtocol.swift in Sources */ = {isa = PBXBuildFile; fileRef = A660B3D625F9E510005FF95A /* ListLogSequenceProtocol.swift */; };
		A660B3DF25F9E54B005FF95A /* LogSequenceCellViewModel.swift in Sources */ = {isa = PBXBuildFile; fileRef = A660B3DE25F9E54B005FF95A /* LogSequenceCellViewModel.swift */; };
		A660B3E525F9E670005FF95A /* LogSequenceViewCell.swift in Sources */ = {isa = PBXBuildFile; fileRef = A660B3E425F9E670005FF95A /* LogSequenceViewCell.swift */; };
		A660B3ED25F9E6A0005FF95A /* Configurable.swift in Sources */ = {isa = PBXBuildFile; fileRef = A660B3EC25F9E6A0005FF95A /* Configurable.swift */; };
		A660B3F325F9E6BC005FF95A /* Colors+Utils.swift in Sources */ = {isa = PBXBuildFile; fileRef = A660B3F225F9E6BC005FF95A /* Colors+Utils.swift */; };
		A660B3FB25F9E6C9005FF95A /* CGFloat+Layout.swift in Sources */ = {isa = PBXBuildFile; fileRef = A660B3FA25F9E6C9005FF95A /* CGFloat+Layout.swift */; };
		A660B40025F9E6D4005FF95A /* UIFont+Utils.swift in Sources */ = {isa = PBXBuildFile; fileRef = A660B3FF25F9E6D4005FF95A /* UIFont+Utils.swift */; };
		A660B40525F9EC14005FF95A /* NameDescribable.swift in Sources */ = {isa = PBXBuildFile; fileRef = A660B40425F9EC14005FF95A /* NameDescribable.swift */; };
		A660B40A25F9EE5B005FF95A /* AppCoordinator.swift in Sources */ = {isa = PBXBuildFile; fileRef = A660B40925F9EE5B005FF95A /* AppCoordinator.swift */; };
		A660B40F25F9EE74005FF95A /* Coordinator.swift in Sources */ = {isa = PBXBuildFile; fileRef = A660B40E25F9EE74005FF95A /* Coordinator.swift */; };
		A660B41625F9F27B005FF95A /* HomeViewModelTest.swift in Sources */ = {isa = PBXBuildFile; fileRef = A660B41525F9F27B005FF95A /* HomeViewModelTest.swift */; };
		A660B41E25F9F6E0005FF95A /* String+Regex.swift in Sources */ = {isa = PBXBuildFile; fileRef = A660B41D25F9F6E0005FF95A /* String+Regex.swift */; };
		A660B42625F9FEA0005FF95A /* ApiConfig.swift in Sources */ = {isa = PBXBuildFile; fileRef = A660B42525F9FEA0005FF95A /* ApiConfig.swift */; };
		A660B42B25F9FEF0005FF95A /* Constants.swift in Sources */ = {isa = PBXBuildFile; fileRef = A660B42A25F9FEF0005FF95A /* Constants.swift */; };
		A660B43925FA0125005FF95A /* Endpoint.swift in Sources */ = {isa = PBXBuildFile; fileRef = A660B43825FA0125005FF95A /* Endpoint.swift */; };
		A660B43E25FA014F005FF95A /* API.swift in Sources */ = {isa = PBXBuildFile; fileRef = A660B43D25FA014F005FF95A /* API.swift */; };
		A660B44E25FA05E3005FF95A /* AppError.swift in Sources */ = {isa = PBXBuildFile; fileRef = A660B44D25FA05E3005FF95A /* AppError.swift */; };
		A660B51A25FA7BA1005FF95A /* LogSequenceCellViewModelTests.swift in Sources */ = {isa = PBXBuildFile; fileRef = A660B51925FA7BA1005FF95A /* LogSequenceCellViewModelTests.swift */; };
/* End PBXBuildFile section */

/* Begin PBXContainerItemProxy section */
		A660B38425F9CBBB005FF95A /* PBXContainerItemProxy */ = {
			isa = PBXContainerItemProxy;
			containerPortal = A660B36525F9CBB8005FF95A /* Project object */;
			proxyType = 1;
			remoteGlobalIDString = A660B36C25F9CBB8005FF95A;
			remoteInfo = ApacheLog_iOS;
		};
		A660B38F25F9CBBB005FF95A /* PBXContainerItemProxy */ = {
			isa = PBXContainerItemProxy;
			containerPortal = A660B36525F9CBB8005FF95A /* Project object */;
			proxyType = 1;
			remoteGlobalIDString = A660B36C25F9CBB8005FF95A;
			remoteInfo = ApacheLog_iOS;
		};
/* End PBXContainerItemProxy section */

/* Begin PBXFileReference section */
		A660B36D25F9CBB8005FF95A /* ApacheLog_iOS.app */ = {isa = PBXFileReference; explicitFileType = wrapper.application; includeInIndex = 0; path = ApacheLog_iOS.app; sourceTree = BUILT_PRODUCTS_DIR; };
		A660B37025F9CBB8005FF95A /* AppDelegate.swift */ = {isa = PBXFileReference; lastKnownFileType = sourcecode.swift; path = AppDelegate.swift; sourceTree = "<group>"; };
		A660B37225F9CBB8005FF95A /* SceneDelegate.swift */ = {isa = PBXFileReference; lastKnownFileType = sourcecode.swift; path = SceneDelegate.swift; sourceTree = "<group>"; };
		A660B37725F9CBB8005FF95A /* Base */ = {isa = PBXFileReference; lastKnownFileType = file.storyboard; name = Base; path = Base.lproj/Main.storyboard; sourceTree = "<group>"; };
		A660B37925F9CBBB005FF95A /* Assets.xcassets */ = {isa = PBXFileReference; lastKnownFileType = folder.assetcatalog; path = Assets.xcassets; sourceTree = "<group>"; };
		A660B37C25F9CBBB005FF95A /* Base */ = {isa = PBXFileReference; lastKnownFileType = file.storyboard; name = Base; path = Base.lproj/LaunchScreen.storyboard; sourceTree = "<group>"; };
		A660B37E25F9CBBB005FF95A /* Info.plist */ = {isa = PBXFileReference; lastKnownFileType = text.plist.xml; path = Info.plist; sourceTree = "<group>"; };
		A660B38325F9CBBB005FF95A /* ApacheLog_iOSTests.xctest */ = {isa = PBXFileReference; explicitFileType = wrapper.cfbundle; includeInIndex = 0; path = ApacheLog_iOSTests.xctest; sourceTree = BUILT_PRODUCTS_DIR; };
		A660B38725F9CBBB005FF95A /* ApacheLog_iOSTests.swift */ = {isa = PBXFileReference; lastKnownFileType = sourcecode.swift; path = ApacheLog_iOSTests.swift; sourceTree = "<group>"; };
		A660B38925F9CBBB005FF95A /* Info.plist */ = {isa = PBXFileReference; lastKnownFileType = text.plist.xml; path = Info.plist; sourceTree = "<group>"; };
		A660B38E25F9CBBB005FF95A /* ApacheLog_iOSUITests.xctest */ = {isa = PBXFileReference; explicitFileType = wrapper.cfbundle; includeInIndex = 0; path = ApacheLog_iOSUITests.xctest; sourceTree = BUILT_PRODUCTS_DIR; };
		A660B39225F9CBBB005FF95A /* ApacheLog_iOSUITests.swift */ = {isa = PBXFileReference; lastKnownFileType = sourcecode.swift; path = ApacheLog_iOSUITests.swift; sourceTree = "<group>"; };
		A660B39425F9CBBB005FF95A /* Info.plist */ = {isa = PBXFileReference; lastKnownFileType = text.plist.xml; path = Info.plist; sourceTree = "<group>"; };
		A660B3B525F9D9C9005FF95A /* LogInfo.swift */ = {isa = PBXFileReference; lastKnownFileType = sourcecode.swift; path = LogInfo.swift; sourceTree = "<group>"; };
		A660B3BA25F9DBE8005FF95A /* LogSequence.swift */ = {isa = PBXFileReference; lastKnownFileType = sourcecode.swift; path = LogSequence.swift; sourceTree = "<group>"; };
		A660B3C325F9E421005FF95A /* HomeViewController.swift */ = {isa = PBXFileReference; lastKnownFileType = sourcecode.swift; path = HomeViewController.swift; sourceTree = "<group>"; };
		A660B3CB25F9E42F005FF95A /* HomeViewModel.swift */ = {isa = PBXFileReference; lastKnownFileType = sourcecode.swift; path = HomeViewModel.swift; sourceTree = "<group>"; };
		A660B3D025F9E44A005FF95A /* LogSequencesDataSource.swift */ = {isa = PBXFileReference; lastKnownFileType = sourcecode.swift; path = LogSequencesDataSource.swift; sourceTree = "<group>"; };
		A660B3D625F9E510005FF95A /* ListLogSequenceProtocol.swift */ = {isa = PBXFileReference; lastKnownFileType = sourcecode.swift; path = ListLogSequenceProtocol.swift; sourceTree = "<group>"; };
		A660B3DE25F9E54B005FF95A /* LogSequenceCellViewModel.swift */ = {isa = PBXFileReference; lastKnownFileType = sourcecode.swift; path = LogSequenceCellViewModel.swift; sourceTree = "<group>"; };
		A660B3E425F9E670005FF95A /* LogSequenceViewCell.swift */ = {isa = PBXFileReference; lastKnownFileType = sourcecode.swift; path = LogSequenceViewCell.swift; sourceTree = "<group>"; };
		A660B3EC25F9E6A0005FF95A /* Configurable.swift */ = {isa = PBXFileReference; lastKnownFileType = sourcecode.swift; path = Configurable.swift; sourceTree = "<group>"; };
		A660B3F225F9E6BC005FF95A /* Colors+Utils.swift */ = {isa = PBXFileReference; lastKnownFileType = sourcecode.swift; path = "Colors+Utils.swift"; sourceTree = "<group>"; };
		A660B3FA25F9E6C9005FF95A /* CGFloat+Layout.swift */ = {isa = PBXFileReference; lastKnownFileType = sourcecode.swift; path = "CGFloat+Layout.swift"; sourceTree = "<group>"; };
		A660B3FF25F9E6D4005FF95A /* UIFont+Utils.swift */ = {isa = PBXFileReference; lastKnownFileType = sourcecode.swift; path = "UIFont+Utils.swift"; sourceTree = "<group>"; };
		A660B40425F9EC14005FF95A /* NameDescribable.swift */ = {isa = PBXFileReference; lastKnownFileType = sourcecode.swift; path = NameDescribable.swift; sourceTree = "<group>"; };
		A660B40925F9EE5B005FF95A /* AppCoordinator.swift */ = {isa = PBXFileReference; lastKnownFileType = sourcecode.swift; path = AppCoordinator.swift; sourceTree = "<group>"; };
		A660B40E25F9EE74005FF95A /* Coordinator.swift */ = {isa = PBXFileReference; lastKnownFileType = sourcecode.swift; path = Coordinator.swift; sourceTree = "<group>"; };
		A660B41525F9F27B005FF95A /* HomeViewModelTest.swift */ = {isa = PBXFileReference; lastKnownFileType = sourcecode.swift; path = HomeViewModelTest.swift; sourceTree = "<group>"; };
		A660B41D25F9F6E0005FF95A /* String+Regex.swift */ = {isa = PBXFileReference; lastKnownFileType = sourcecode.swift; path = "String+Regex.swift"; sourceTree = "<group>"; };
		A660B42525F9FEA0005FF95A /* ApiConfig.swift */ = {isa = PBXFileReference; lastKnownFileType = sourcecode.swift; path = ApiConfig.swift; sourceTree = "<group>"; };
		A660B42A25F9FEF0005FF95A /* Constants.swift */ = {isa = PBXFileReference; lastKnownFileType = sourcecode.swift; path = Constants.swift; sourceTree = "<group>"; };
		A660B43825FA0125005FF95A /* Endpoint.swift */ = {isa = PBXFileReference; lastKnownFileType = sourcecode.swift; path = Endpoint.swift; sourceTree = "<group>"; };
		A660B43D25FA014F005FF95A /* API.swift */ = {isa = PBXFileReference; lastKnownFileType = sourcecode.swift; path = API.swift; sourceTree = "<group>"; };
		A660B44D25FA05E3005FF95A /* AppError.swift */ = {isa = PBXFileReference; lastKnownFileType = sourcecode.swift; path = AppError.swift; sourceTree = "<group>"; };
		A660B51925FA7BA1005FF95A /* LogSequenceCellViewModelTests.swift */ = {isa = PBXFileReference; lastKnownFileType = sourcecode.swift; path = LogSequenceCellViewModelTests.swift; sourceTree = "<group>"; };
/* End PBXFileReference section */

/* Begin PBXFrameworksBuildPhase section */
		A660B36A25F9CBB8005FF95A /* Frameworks */ = {
			isa = PBXFrameworksBuildPhase;
			buildActionMask = 2147483647;
			files = (
			);
			runOnlyForDeploymentPostprocessing = 0;
		};
		A660B38025F9CBBB005FF95A /* Frameworks */ = {
			isa = PBXFrameworksBuildPhase;
			buildActionMask = 2147483647;
			files = (
			);
			runOnlyForDeploymentPostprocessing = 0;
		};
		A660B38B25F9CBBB005FF95A /* Frameworks */ = {
			isa = PBXFrameworksBuildPhase;
			buildActionMask = 2147483647;
			files = (
			);
			runOnlyForDeploymentPostprocessing = 0;
		};
/* End PBXFrameworksBuildPhase section */

/* Begin PBXGroup section */
		A660B36425F9CBB8005FF95A = {
			isa = PBXGroup;
			children = (
				A660B36F25F9CBB8005FF95A /* ApacheLog_iOS */,
				A660B38625F9CBBB005FF95A /* ApacheLog_iOSTests */,
				A660B39125F9CBBB005FF95A /* ApacheLog_iOSUITests */,
				A660B36E25F9CBB8005FF95A /* Products */,
			);
			sourceTree = "<group>";
		};
		A660B36E25F9CBB8005FF95A /* Products */ = {
			isa = PBXGroup;
			children = (
				A660B36D25F9CBB8005FF95A /* ApacheLog_iOS.app */,
				A660B38325F9CBBB005FF95A /* ApacheLog_iOSTests.xctest */,
				A660B38E25F9CBBB005FF95A /* ApacheLog_iOSUITests.xctest */,
			);
			name = Products;
			sourceTree = "<group>";
		};
		A660B36F25F9CBB8005FF95A /* ApacheLog_iOS */ = {
			isa = PBXGroup;
			children = (
				A660B3AD25F9CEBA005FF95A /* Application */,
				A660B3AC25F9CEB2005FF95A /* Configs */,
				A660B3AB25F9CEA2005FF95A /* Coordinator */,
				A660B3AA25F9CE96005FF95A /* Core */,
				A660B3A925F9CC3F005FF95A /* Model */,
				A660B3A825F9CC38005FF95A /* Screen */,
				A660B3A725F9CC2B005FF95A /* Storyboard */,
				A660B3A625F9CC18005FF95A /* Resources */,
				A660B37E25F9CBBB005FF95A /* Info.plist */,
			);
			path = ApacheLog_iOS;
			sourceTree = "<group>";
		};
		A660B38625F9CBBB005FF95A /* ApacheLog_iOSTests */ = {
			isa = PBXGroup;
			children = (
				A660B41325F9F242005FF95A /* Home */,
				A660B38725F9CBBB005FF95A /* ApacheLog_iOSTests.swift */,
				A660B38925F9CBBB005FF95A /* Info.plist */,
			);
			path = ApacheLog_iOSTests;
			sourceTree = "<group>";
		};
		A660B39125F9CBBB005FF95A /* ApacheLog_iOSUITests */ = {
			isa = PBXGroup;
			children = (
				A660B39225F9CBBB005FF95A /* ApacheLog_iOSUITests.swift */,
				A660B39425F9CBBB005FF95A /* Info.plist */,
			);
			path = ApacheLog_iOSUITests;
			sourceTree = "<group>";
		};
		A660B3A625F9CC18005FF95A /* Resources */ = {
			isa = PBXGroup;
			children = (
				A660B37925F9CBBB005FF95A /* Assets.xcassets */,
			);
			path = Resources;
			sourceTree = "<group>";
		};
		A660B3A725F9CC2B005FF95A /* Storyboard */ = {
			isa = PBXGroup;
			children = (
				A660B37625F9CBB8005FF95A /* Main.storyboard */,
				A660B37B25F9CBBB005FF95A /* LaunchScreen.storyboard */,
			);
			path = Storyboard;
			sourceTree = "<group>";
		};
		A660B3A825F9CC38005FF95A /* Screen */ = {
			isa = PBXGroup;
			children = (
				A660B3BF25F9E3FC005FF95A /* Home */,
			);
			path = Screen;
			sourceTree = "<group>";
		};
		A660B3A925F9CC3F005FF95A /* Model */ = {
			isa = PBXGroup;
			children = (
				A660B3B525F9D9C9005FF95A /* LogInfo.swift */,
				A660B3BA25F9DBE8005FF95A /* LogSequence.swift */,
			);
			path = Model;
			sourceTree = "<group>";
		};
		A660B3AA25F9CE96005FF95A /* Core */ = {
			isa = PBXGroup;
			children = (
				A660B3F125F9E6B1005FF95A /* Utils */,
				A660B3D525F9E4C1005FF95A /* Protocol */,
				A660B3B125F9CF2D005FF95A /* Network */,
			);
			path = Core;
			sourceTree = "<group>";
		};
		A660B3AB25F9CEA2005FF95A /* Coordinator */ = {
			isa = PBXGroup;
			children = (
				A660B40925F9EE5B005FF95A /* AppCoordinator.swift */,
			);
			path = Coordinator;
			sourceTree = "<group>";
		};
		A660B3AC25F9CEB2005FF95A /* Configs */ = {
			isa = PBXGroup;
			children = (
				A660B42525F9FEA0005FF95A /* ApiConfig.swift */,
				A660B42A25F9FEF0005FF95A /* Constants.swift */,
			);
			path = Configs;
			sourceTree = "<group>";
		};
		A660B3AD25F9CEBA005FF95A /* Application */ = {
			isa = PBXGroup;
			children = (
				A660B37025F9CBB8005FF95A /* AppDelegate.swift */,
				A660B37225F9CBB8005FF95A /* SceneDelegate.swift */,
				A660B44D25FA05E3005FF95A /* AppError.swift */,
			);
			path = Application;
			sourceTree = "<group>";
		};
		A660B3B125F9CF2D005FF95A /* Network */ = {
			isa = PBXGroup;
			children = (
				A660B43825FA0125005FF95A /* Endpoint.swift */,
				A660B43D25FA014F005FF95A /* API.swift */,
			);
			path = Network;
			sourceTree = "<group>";
		};
		A660B3BF25F9E3FC005FF95A /* Home */ = {
			isa = PBXGroup;
			children = (
				A660B3C225F9E410005FF95A /* DataSource */,
				A660B3C125F9E407005FF95A /* ViewModel */,
				A660B3C025F9E401005FF95A /* View */,
			);
			path = Home;
			sourceTree = "<group>";
		};
		A660B3C025F9E401005FF95A /* View */ = {
			isa = PBXGroup;
			children = (
				A660B3E325F9E657005FF95A /* Cell */,
				A660B3C325F9E421005FF95A /* HomeViewController.swift */,
			);
			path = View;
			sourceTree = "<group>";
		};
		A660B3C125F9E407005FF95A /* ViewModel */ = {
			isa = PBXGroup;
			children = (
				A660B3CB25F9E42F005FF95A /* HomeViewModel.swift */,
				A660B3DE25F9E54B005FF95A /* LogSequenceCellViewModel.swift */,
			);
			path = ViewModel;
			sourceTree = "<group>";
		};
		A660B3C225F9E410005FF95A /* DataSource */ = {
			isa = PBXGroup;
			children = (
				A660B3D025F9E44A005FF95A /* LogSequencesDataSource.swift */,
			);
			path = DataSource;
			sourceTree = "<group>";
		};
		A660B3D525F9E4C1005FF95A /* Protocol */ = {
			isa = PBXGroup;
			children = (
				A660B3D625F9E510005FF95A /* ListLogSequenceProtocol.swift */,
				A660B3EC25F9E6A0005FF95A /* Configurable.swift */,
				A660B40425F9EC14005FF95A /* NameDescribable.swift */,
				A660B40E25F9EE74005FF95A /* Coordinator.swift */,
			);
			path = Protocol;
			sourceTree = "<group>";
		};
		A660B3E325F9E657005FF95A /* Cell */ = {
			isa = PBXGroup;
			children = (
				A660B3E425F9E670005FF95A /* LogSequenceViewCell.swift */,
			);
			path = Cell;
			sourceTree = "<group>";
		};
		A660B3F125F9E6B1005FF95A /* Utils */ = {
			isa = PBXGroup;
			children = (
				A660B3F225F9E6BC005FF95A /* Colors+Utils.swift */,
				A660B3FA25F9E6C9005FF95A /* CGFloat+Layout.swift */,
				A660B3FF25F9E6D4005FF95A /* UIFont+Utils.swift */,
				A660B41D25F9F6E0005FF95A /* String+Regex.swift */,
			);
			path = Utils;
			sourceTree = "<group>";
		};
		A660B41325F9F242005FF95A /* Home */ = {
			isa = PBXGroup;
			children = (
				A660B41425F9F24F005FF95A /* ViewModel */,
			);
			path = Home;
			sourceTree = "<group>";
		};
		A660B41425F9F24F005FF95A /* ViewModel */ = {
			isa = PBXGroup;
			children = (
				A660B41525F9F27B005FF95A /* HomeViewModelTest.swift */,
				A660B51925FA7BA1005FF95A /* LogSequenceCellViewModelTests.swift */,
			);
			path = ViewModel;
			sourceTree = "<group>";
		};
/* End PBXGroup section */

/* Begin PBXNativeTarget section */
		A660B36C25F9CBB8005FF95A /* ApacheLog_iOS */ = {
			isa = PBXNativeTarget;
			buildConfigurationList = A660B39725F9CBBB005FF95A /* Build configuration list for PBXNativeTarget "ApacheLog_iOS" */;
			buildPhases = (
				A660B36925F9CBB8005FF95A /* Sources */,
				A660B36A25F9CBB8005FF95A /* Frameworks */,
				A660B36B25F9CBB8005FF95A /* Resources */,
			);
			buildRules = (
			);
			dependencies = (
			);
			name = ApacheLog_iOS;
			productName = ApacheLog_iOS;
			productReference = A660B36D25F9CBB8005FF95A /* ApacheLog_iOS.app */;
			productType = "com.apple.product-type.application";
		};
		A660B38225F9CBBB005FF95A /* ApacheLog_iOSTests */ = {
			isa = PBXNativeTarget;
			buildConfigurationList = A660B39A25F9CBBB005FF95A /* Build configuration list for PBXNativeTarget "ApacheLog_iOSTests" */;
			buildPhases = (
				A660B37F25F9CBBB005FF95A /* Sources */,
				A660B38025F9CBBB005FF95A /* Frameworks */,
				A660B38125F9CBBB005FF95A /* Resources */,
			);
			buildRules = (
			);
			dependencies = (
				A660B38525F9CBBB005FF95A /* PBXTargetDependency */,
			);
			name = ApacheLog_iOSTests;
			productName = ApacheLog_iOSTests;
			productReference = A660B38325F9CBBB005FF95A /* ApacheLog_iOSTests.xctest */;
			productType = "com.apple.product-type.bundle.unit-test";
		};
		A660B38D25F9CBBB005FF95A /* ApacheLog_iOSUITests */ = {
			isa = PBXNativeTarget;
			buildConfigurationList = A660B39D25F9CBBB005FF95A /* Build configuration list for PBXNativeTarget "ApacheLog_iOSUITests" */;
			buildPhases = (
				A660B38A25F9CBBB005FF95A /* Sources */,
				A660B38B25F9CBBB005FF95A /* Frameworks */,
				A660B38C25F9CBBB005FF95A /* Resources */,
			);
			buildRules = (
			);
			dependencies = (
				A660B39025F9CBBB005FF95A /* PBXTargetDependency */,
			);
			name = ApacheLog_iOSUITests;
			productName = ApacheLog_iOSUITests;
			productReference = A660B38E25F9CBBB005FF95A /* ApacheLog_iOSUITests.xctest */;
			productType = "com.apple.product-type.bundle.ui-testing";
		};
/* End PBXNativeTarget section */

/* Begin PBXProject section */
		A660B36525F9CBB8005FF95A /* Project object */ = {
			isa = PBXProject;
			attributes = {
				LastSwiftUpdateCheck = 1240;
				LastUpgradeCheck = 1240;
				TargetAttributes = {
					A660B36C25F9CBB8005FF95A = {
						CreatedOnToolsVersion = 12.4;
					};
					A660B38225F9CBBB005FF95A = {
						CreatedOnToolsVersion = 12.4;
						TestTargetID = A660B36C25F9CBB8005FF95A;
					};
					A660B38D25F9CBBB005FF95A = {
						CreatedOnToolsVersion = 12.4;
						TestTargetID = A660B36C25F9CBB8005FF95A;
					};
				};
			};
			buildConfigurationList = A660B36825F9CBB8005FF95A /* Build configuration list for PBXProject "ApacheLog_iOS" */;
			compatibilityVersion = "Xcode 9.3";
			developmentRegion = en;
			hasScannedForEncodings = 0;
			knownRegions = (
				en,
				Base,
			);
			mainGroup = A660B36425F9CBB8005FF95A;
			productRefGroup = A660B36E25F9CBB8005FF95A /* Products */;
			projectDirPath = "";
			projectRoot = "";
			targets = (
				A660B36C25F9CBB8005FF95A /* ApacheLog_iOS */,
				A660B38225F9CBBB005FF95A /* ApacheLog_iOSTests */,
				A660B38D25F9CBBB005FF95A /* ApacheLog_iOSUITests */,
			);
		};
/* End PBXProject section */

/* Begin PBXResourcesBuildPhase section */
		A660B36B25F9CBB8005FF95A /* Resources */ = {
			isa = PBXResourcesBuildPhase;
			buildActionMask = 2147483647;
			files = (
				A660B37D25F9CBBB005FF95A /* LaunchScreen.storyboard in Resources */,
				A660B37A25F9CBBB005FF95A /* Assets.xcassets in Resources */,
				A660B37825F9CBB8005FF95A /* Main.storyboard in Resources */,
			);
			runOnlyForDeploymentPostprocessing = 0;
		};
		A660B38125F9CBBB005FF95A /* Resources */ = {
			isa = PBXResourcesBuildPhase;
			buildActionMask = 2147483647;
			files = (
			);
			runOnlyForDeploymentPostprocessing = 0;
		};
		A660B38C25F9CBBB005FF95A /* Resources */ = {
			isa = PBXResourcesBuildPhase;
			buildActionMask = 2147483647;
			files = (
			);
			runOnlyForDeploymentPostprocessing = 0;
		};
/* End PBXResourcesBuildPhase section */

/* Begin PBXSourcesBuildPhase section */
		A660B36925F9CBB8005FF95A /* Sources */ = {
			isa = PBXSourcesBuildPhase;
			buildActionMask = 2147483647;
			files = (
				A660B43E25FA014F005FF95A /* API.swift in Sources */,
				A660B3D125F9E44A005FF95A /* LogSequencesDataSource.swift in Sources */,
				A660B40525F9EC14005FF95A /* NameDescribable.swift in Sources */,
				A660B40A25F9EE5B005FF95A /* AppCoordinator.swift in Sources */,
				A660B40025F9E6D4005FF95A /* UIFont+Utils.swift in Sources */,
				A660B3D725F9E510005FF95A /* ListLogSequenceProtocol.swift in Sources */,
				A660B3FB25F9E6C9005FF95A /* CGFloat+Layout.swift in Sources */,
				A660B41E25F9F6E0005FF95A /* String+Regex.swift in Sources */,
				A660B43925FA0125005FF95A /* Endpoint.swift in Sources */,
				A660B37125F9CBB8005FF95A /* AppDelegate.swift in Sources */,
				A660B40F25F9EE74005FF95A /* Coordinator.swift in Sources */,
				A660B3E525F9E670005FF95A /* LogSequenceViewCell.swift in Sources */,
				A660B3DF25F9E54B005FF95A /* LogSequenceCellViewModel.swift in Sources */,
				A660B44E25FA05E3005FF95A /* AppError.swift in Sources */,
				A660B3ED25F9E6A0005FF95A /* Configurable.swift in Sources */,
				A660B3CC25F9E42F005FF95A /* HomeViewModel.swift in Sources */,
				A660B3BB25F9DBE8005FF95A /* LogSequence.swift in Sources */,
				A660B3B625F9D9C9005FF95A /* LogInfo.swift in Sources */,
				A660B42B25F9FEF0005FF95A /* Constants.swift in Sources */,
				A660B42625F9FEA0005FF95A /* ApiConfig.swift in Sources */,
				A660B37325F9CBB8005FF95A /* SceneDelegate.swift in Sources */,
				A660B3C425F9E421005FF95A /* HomeViewController.swift in Sources */,
				A660B3F325F9E6BC005FF95A /* Colors+Utils.swift in Sources */,
			);
			runOnlyForDeploymentPostprocessing = 0;
		};
		A660B37F25F9CBBB005FF95A /* Sources */ = {
			isa = PBXSourcesBuildPhase;
			buildActionMask = 2147483647;
			files = (
				A660B38825F9CBBB005FF95A /* ApacheLog_iOSTests.swift in Sources */,
				A660B51A25FA7BA1005FF95A /* LogSequenceCellViewModelTests.swift in Sources */,
				A660B41625F9F27B005FF95A /* HomeViewModelTest.swift in Sources */,
			);
			runOnlyForDeploymentPostprocessing = 0;
		};
		A660B38A25F9CBBB005FF95A /* Sources */ = {
			isa = PBXSourcesBuildPhase;
			buildActionMask = 2147483647;
			files = (
				A660B39325F9CBBB005FF95A /* ApacheLog_iOSUITests.swift in Sources */,
			);
			runOnlyForDeploymentPostprocessing = 0;
		};
/* End PBXSourcesBuildPhase section */

/* Begin PBXTargetDependency section */
		A660B38525F9CBBB005FF95A /* PBXTargetDependency */ = {
			isa = PBXTargetDependency;
			target = A660B36C25F9CBB8005FF95A /* ApacheLog_iOS */;
			targetProxy = A660B38425F9CBBB005FF95A /* PBXContainerItemProxy */;
		};
		A660B39025F9CBBB005FF95A /* PBXTargetDependency */ = {
			isa = PBXTargetDependency;
			target = A660B36C25F9CBB8005FF95A /* ApacheLog_iOS */;
			targetProxy = A660B38F25F9CBBB005FF95A /* PBXContainerItemProxy */;
		};
/* End PBXTargetDependency section */

/* Begin PBXVariantGroup section */
		A660B37625F9CBB8005FF95A /* Main.storyboard */ = {
			isa = PBXVariantGroup;
			children = (
				A660B37725F9CBB8005FF95A /* Base */,
			);
			name = Main.storyboard;
			sourceTree = "<group>";
		};
		A660B37B25F9CBBB005FF95A /* LaunchScreen.storyboard */ = {
			isa = PBXVariantGroup;
			children = (
				A660B37C25F9CBBB005FF95A /* Base */,
			);
			name = LaunchScreen.storyboard;
			sourceTree = "<group>";
		};
/* End PBXVariantGroup section */

/* Begin XCBuildConfiguration section */
		A660B39525F9CBBB005FF95A /* Debug */ = {
			isa = XCBuildConfiguration;
			buildSettings = {
				ALWAYS_SEARCH_USER_PATHS = NO;
				CLANG_ANALYZER_NONNULL = YES;
				CLANG_ANALYZER_NUMBER_OBJECT_CONVERSION = YES_AGGRESSIVE;
				CLANG_CXX_LANGUAGE_STANDARD = "gnu++14";
				CLANG_CXX_LIBRARY = "libc++";
				CLANG_ENABLE_MODULES = YES;
				CLANG_ENABLE_OBJC_ARC = YES;
				CLANG_ENABLE_OBJC_WEAK = YES;
				CLANG_WARN_BLOCK_CAPTURE_AUTORELEASING = YES;
				CLANG_WARN_BOOL_CONVERSION = YES;
				CLANG_WARN_COMMA = YES;
				CLANG_WARN_CONSTANT_CONVERSION = YES;
				CLANG_WARN_DEPRECATED_OBJC_IMPLEMENTATIONS = YES;
				CLANG_WARN_DIRECT_OBJC_ISA_USAGE = YES_ERROR;
				CLANG_WARN_DOCUMENTATION_COMMENTS = YES;
				CLANG_WARN_EMPTY_BODY = YES;
				CLANG_WARN_ENUM_CONVERSION = YES;
				CLANG_WARN_INFINITE_RECURSION = YES;
				CLANG_WARN_INT_CONVERSION = YES;
				CLANG_WARN_NON_LITERAL_NULL_CONVERSION = YES;
				CLANG_WARN_OBJC_IMPLICIT_RETAIN_SELF = YES;
				CLANG_WARN_OBJC_LITERAL_CONVERSION = YES;
				CLANG_WARN_OBJC_ROOT_CLASS = YES_ERROR;
				CLANG_WARN_QUOTED_INCLUDE_IN_FRAMEWORK_HEADER = YES;
				CLANG_WARN_RANGE_LOOP_ANALYSIS = YES;
				CLANG_WARN_STRICT_PROTOTYPES = YES;
				CLANG_WARN_SUSPICIOUS_MOVE = YES;
				CLANG_WARN_UNGUARDED_AVAILABILITY = YES_AGGRESSIVE;
				CLANG_WARN_UNREACHABLE_CODE = YES;
				CLANG_WARN__DUPLICATE_METHOD_MATCH = YES;
				COPY_PHASE_STRIP = NO;
				DEBUG_INFORMATION_FORMAT = dwarf;
				ENABLE_STRICT_OBJC_MSGSEND = YES;
				ENABLE_TESTABILITY = YES;
				GCC_C_LANGUAGE_STANDARD = gnu11;
				GCC_DYNAMIC_NO_PIC = NO;
				GCC_NO_COMMON_BLOCKS = YES;
				GCC_OPTIMIZATION_LEVEL = 0;
				GCC_PREPROCESSOR_DEFINITIONS = (
					"DEBUG=1",
					"$(inherited)",
				);
				GCC_WARN_64_TO_32_BIT_CONVERSION = YES;
				GCC_WARN_ABOUT_RETURN_TYPE = YES_ERROR;
				GCC_WARN_UNDECLARED_SELECTOR = YES;
				GCC_WARN_UNINITIALIZED_AUTOS = YES_AGGRESSIVE;
				GCC_WARN_UNUSED_FUNCTION = YES;
				GCC_WARN_UNUSED_VARIABLE = YES;
				IPHONEOS_DEPLOYMENT_TARGET = 14.4;
				MTL_ENABLE_DEBUG_INFO = INCLUDE_SOURCE;
				MTL_FAST_MATH = YES;
				ONLY_ACTIVE_ARCH = YES;
				SDKROOT = iphoneos;
				SWIFT_ACTIVE_COMPILATION_CONDITIONS = DEBUG;
				SWIFT_OPTIMIZATION_LEVEL = "-Onone";
			};
			name = Debug;
		};
		A660B39625F9CBBB005FF95A /* Release */ = {
			isa = XCBuildConfiguration;
			buildSettings = {
				ALWAYS_SEARCH_USER_PATHS = NO;
				CLANG_ANALYZER_NONNULL = YES;
				CLANG_ANALYZER_NUMBER_OBJECT_CONVERSION = YES_AGGRESSIVE;
				CLANG_CXX_LANGUAGE_STANDARD = "gnu++14";
				CLANG_CXX_LIBRARY = "libc++";
				CLANG_ENABLE_MODULES = YES;
				CLANG_ENABLE_OBJC_ARC = YES;
				CLANG_ENABLE_OBJC_WEAK = YES;
				CLANG_WARN_BLOCK_CAPTURE_AUTORELEASING = YES;
				CLANG_WARN_BOOL_CONVERSION = YES;
				CLANG_WARN_COMMA = YES;
				CLANG_WARN_CONSTANT_CONVERSION = YES;
				CLANG_WARN_DEPRECATED_OBJC_IMPLEMENTATIONS = YES;
				CLANG_WARN_DIRECT_OBJC_ISA_USAGE = YES_ERROR;
				CLANG_WARN_DOCUMENTATION_COMMENTS = YES;
				CLANG_WARN_EMPTY_BODY = YES;
				CLANG_WARN_ENUM_CONVERSION = YES;
				CLANG_WARN_INFINITE_RECURSION = YES;
				CLANG_WARN_INT_CONVERSION = YES;
				CLANG_WARN_NON_LITERAL_NULL_CONVERSION = YES;
				CLANG_WARN_OBJC_IMPLICIT_RETAIN_SELF = YES;
				CLANG_WARN_OBJC_LITERAL_CONVERSION = YES;
				CLANG_WARN_OBJC_ROOT_CLASS = YES_ERROR;
				CLANG_WARN_QUOTED_INCLUDE_IN_FRAMEWORK_HEADER = YES;
				CLANG_WARN_RANGE_LOOP_ANALYSIS = YES;
				CLANG_WARN_STRICT_PROTOTYPES = YES;
				CLANG_WARN_SUSPICIOUS_MOVE = YES;
				CLANG_WARN_UNGUARDED_AVAILABILITY = YES_AGGRESSIVE;
				CLANG_WARN_UNREACHABLE_CODE = YES;
				CLANG_WARN__DUPLICATE_METHOD_MATCH = YES;
				COPY_PHASE_STRIP = NO;
				DEBUG_INFORMATION_FORMAT = "dwarf-with-dsym";
				ENABLE_NS_ASSERTIONS = NO;
				ENABLE_STRICT_OBJC_MSGSEND = YES;
				GCC_C_LANGUAGE_STANDARD = gnu11;
				GCC_NO_COMMON_BLOCKS = YES;
				GCC_WARN_64_TO_32_BIT_CONVERSION = YES;
				GCC_WARN_ABOUT_RETURN_TYPE = YES_ERROR;
				GCC_WARN_UNDECLARED_SELECTOR = YES;
				GCC_WARN_UNINITIALIZED_AUTOS = YES_AGGRESSIVE;
				GCC_WARN_UNUSED_FUNCTION = YES;
				GCC_WARN_UNUSED_VARIABLE = YES;
				IPHONEOS_DEPLOYMENT_TARGET = 14.4;
				MTL_ENABLE_DEBUG_INFO = NO;
				MTL_FAST_MATH = YES;
				SDKROOT = iphoneos;
				SWIFT_COMPILATION_MODE = wholemodule;
				SWIFT_OPTIMIZATION_LEVEL = "-O";
				VALIDATE_PRODUCT = YES;
			};
			name = Release;
		};
		A660B39825F9CBBB005FF95A /* Debug */ = {
			isa = XCBuildConfiguration;
			buildSettings = {
				API_ENVIRONMENT = dev;
				ASSETCATALOG_COMPILER_APPICON_NAME = AppIcon;
				ASSETCATALOG_COMPILER_GLOBAL_ACCENT_COLOR_NAME = AccentColor;
				CODE_SIGN_STYLE = Automatic;
				INFOPLIST_FILE = ApacheLog_iOS/Info.plist;
				LD_RUNPATH_SEARCH_PATHS = (
					"$(inherited)",
					"@executable_path/Frameworks",
				);
				PRODUCT_BUNDLE_IDENTIFIER = "com.tommy.assessment.ApacheLog-iOS";
				PRODUCT_NAME = "$(TARGET_NAME)";
				SWIFT_VERSION = 5.0;
				TARGETED_DEVICE_FAMILY = "1,2";
			};
			name = Debug;
		};
		A660B39925F9CBBB005FF95A /* Release */ = {
			isa = XCBuildConfiguration;
			buildSettings = {
				API_ENVIRONMENT = prod;
				ASSETCATALOG_COMPILER_APPICON_NAME = AppIcon;
				ASSETCATALOG_COMPILER_GLOBAL_ACCENT_COLOR_NAME = AccentColor;
				CODE_SIGN_STYLE = Automatic;
				INFOPLIST_FILE = ApacheLog_iOS/Info.plist;
				LD_RUNPATH_SEARCH_PATHS = (
					"$(inherited)",
					"@executable_path/Frameworks",
				);
				PRODUCT_BUNDLE_IDENTIFIER = "com.tommy.assessment.ApacheLog-iOS";
				PRODUCT_NAME = "$(TARGET_NAME)";
				SWIFT_VERSION = 5.0;
				TARGETED_DEVICE_FAMILY = "1,2";
			};
			name = Release;
		};
		A660B39B25F9CBBB005FF95A /* Debug */ = {
			isa = XCBuildConfiguration;
			buildSettings = {
				ALWAYS_EMBED_SWIFT_STANDARD_LIBRARIES = YES;
				BUNDLE_LOADER = "$(TEST_HOST)";
				CODE_SIGN_STYLE = Automatic;
				INFOPLIST_FILE = ApacheLog_iOSTests/Info.plist;
				IPHONEOS_DEPLOYMENT_TARGET = 14.4;
				LD_RUNPATH_SEARCH_PATHS = (
					"$(inherited)",
					"@executable_path/Frameworks",
					"@loader_path/Frameworks",
				);
				PRODUCT_BUNDLE_IDENTIFIER = "com.tommy.assessment.ApacheLog-iOSTests";
				PRODUCT_NAME = "$(TARGET_NAME)";
				SWIFT_VERSION = 5.0;
				TARGETED_DEVICE_FAMILY = "1,2";
				TEST_HOST = "$(BUILT_PRODUCTS_DIR)/ApacheLog_iOS.app/ApacheLog_iOS";
			};
			name = Debug;
		};
		A660B39C25F9CBBB005FF95A /* Release */ = {
			isa = XCBuildConfiguration;
			buildSettings = {
				ALWAYS_EMBED_SWIFT_STANDARD_LIBRARIES = YES;
				BUNDLE_LOADER = "$(TEST_HOST)";
				CODE_SIGN_STYLE = Automatic;
				INFOPLIST_FILE = ApacheLog_iOSTests/Info.plist;
				IPHONEOS_DEPLOYMENT_TARGET = 14.4;
				LD_RUNPATH_SEARCH_PATHS = (
					"$(inherited)",
					"@executable_path/Frameworks",
					"@loader_path/Frameworks",
				);
				PRODUCT_BUNDLE_IDENTIFIER = "com.tommy.assessment.ApacheLog-iOSTests";
				PRODUCT_NAME = "$(TARGET_NAME)";
				SWIFT_VERSION = 5.0;
				TARGETED_DEVICE_FAMILY = "1,2";
				TEST_HOST = "$(BUILT_PRODUCTS_DIR)/ApacheLog_iOS.app/ApacheLog_iOS";
			};
			name = Release;
		};
		A660B39E25F9CBBB005FF95A /* Debug */ = {
			isa = XCBuildConfiguration;
			buildSettings = {
				ALWAYS_EMBED_SWIFT_STANDARD_LIBRARIES = YES;
				CODE_SIGN_STYLE = Automatic;
				INFOPLIST_FILE = ApacheLog_iOSUITests/Info.plist;
				LD_RUNPATH_SEARCH_PATHS = (
					"$(inherited)",
					"@executable_path/Frameworks",
					"@loader_path/Frameworks",
				);
				PRODUCT_BUNDLE_IDENTIFIER = "com.tommy.assessment.ApacheLog-iOSUITests";
				PRODUCT_NAME = "$(TARGET_NAME)";
				SWIFT_VERSION = 5.0;
				TARGETED_DEVICE_FAMILY = "1,2";
				TEST_TARGET_NAME = ApacheLog_iOS;
			};
			name = Debug;
		};
		A660B39F25F9CBBB005FF95A /* Release */ = {
			isa = XCBuildConfiguration;
			buildSettings = {
				ALWAYS_EMBED_SWIFT_STANDARD_LIBRARIES = YES;
				CODE_SIGN_STYLE = Automatic;
				INFOPLIST_FILE = ApacheLog_iOSUITests/Info.plist;
				LD_RUNPATH_SEARCH_PATHS = (
					"$(inherited)",
					"@executable_path/Frameworks",
					"@loader_path/Frameworks",
				);
				PRODUCT_BUNDLE_IDENTIFIER = "com.tommy.assessment.ApacheLog-iOSUITests";
				PRODUCT_NAME = "$(TARGET_NAME)";
				SWIFT_VERSION = 5.0;
				TARGETED_DEVICE_FAMILY = "1,2";
				TEST_TARGET_NAME = ApacheLog_iOS;
			};
			name = Release;
		};
/* End XCBuildConfiguration section */

/* Begin XCConfigurationList section */
		A660B36825F9CBB8005FF95A /* Build configuration list for PBXProject "ApacheLog_iOS" */ = {
			isa = XCConfigurationList;
			buildConfigurations = (
				A660B39525F9CBBB005FF95A /* Debug */,
				A660B39625F9CBBB005FF95A /* Release */,
			);
			defaultConfigurationIsVisible = 0;
			defaultConfigurationName = Release;
		};
		A660B39725F9CBBB005FF95A /* Build configuration list for PBXNativeTarget "ApacheLog_iOS" */ = {
			isa = XCConfigurationList;
			buildConfigurations = (
				A660B39825F9CBBB005FF95A /* Debug */,
				A660B39925F9CBBB005FF95A /* Release */,
			);
			defaultConfigurationIsVisible = 0;
			defaultConfigurationName = Release;
		};
		A660B39A25F9CBBB005FF95A /* Build configuration list for PBXNativeTarget "ApacheLog_iOSTests" */ = {
			isa = XCConfigurationList;
			buildConfigurations = (
				A660B39B25F9CBBB005FF95A /* Debug */,
				A660B39C25F9CBBB005FF95A /* Release */,
			);
			defaultConfigurationIsVisible = 0;
			defaultConfigurationName = Release;
		};
		A660B39D25F9CBBB005FF95A /* Build configuration list for PBXNativeTarget "ApacheLog_iOSUITests" */ = {
			isa = XCConfigurationList;
			buildConfigurations = (
				A660B39E25F9CBBB005FF95A /* Debug */,
				A660B39F25F9CBBB005FF95A /* Release */,
			);
			defaultConfigurationIsVisible = 0;
			defaultConfigurationName = Release;
		};
/* End XCConfigurationList section */
	};
	rootObject = A660B36525F9CBB8005FF95A /* Project object */;
}
